
Microsoft Visual Studio Solution File, Format Version 12.00
# Visual Studio Version 16
VisualStudioVersion = 16.0.30204.135
MinimumVisualStudioVersion = 10.0.40219.1
Project("{FAE04EC0-301F-11D3-BF4B-00C04F79EFBC}") = "BlazorUI", "BlazorUI\BlazorUI.csproj", "{B918959F-B9A2-4237-A377-3F4D14C12431}"
EndProject
Project("{FAE04EC0-301F-11D3-BF4B-00C04F79EFBC}") = "DataAccessLibrary", "DataAccessLibrary\DataAccessLibrary.csproj", "{66ACF143-CA72-41FB-BA53-876A8D70CECF}"
EndProject
Global
	GlobalSection(SolutionConfigurationPlatforms) = preSolution
		Debug|Any CPU = Debug|Any CPU
		Release|Any CPU = Release|Any CPU
	EndGlobalSection
	GlobalSection(ProjectConfigurationPlatforms) = postSolution
		{B918959F-B9A2-4237-A377-3F4D14C12431}.Debug|Any CPU.ActiveCfg = Debug|Any CPU
		{B918959F-B9A2-4237-A377-3F4D14C12431}.Debug|Any CPU.Build.0 = Debug|Any CPU
		{B918959F-B9A2-4237-A377-3F4D14C12431}.Release|Any CPU.ActiveCfg = Release|Any CPU
		{B918959F-B9A2-4237-A377-3F4D14C12431}.Release|Any CPU.Build.0 = Release|Any CPU
		{66ACF143-CA72-41FB-BA53-876A8D70CECF}.Debug|Any CPU.ActiveCfg = Debug|Any CPU
		{66ACF143-CA72-41FB-BA53-876A8D70CECF}.Debug|Any CPU.Build.0 = Debug|Any CPU
		{66ACF143-CA72-41FB-BA53-876A8D70CECF}.Release|Any CPU.ActiveCfg = Release|Any CPU
		{66ACF143-CA72-41FB-BA53-876A8D70CECF}.Release|Any CPU.Build.0 = Release|Any CPU
	EndGlobalSection
	GlobalSection(SolutionProperties) = preSolution
		HideSolutionNode = FALSE
	EndGlobalSection
	GlobalSection(ExtensibilityGlobals) = postSolution
		SolutionGuid = {0392FC09-B053-4AA2-8271-100F6DD006D8}
	EndGlobalSection
EndGlobal
